
Microsoft Visual Studio Solution File, Format Version 12.00
# Visual Studio Version 17
VisualStudioVersion = 17.14.36310.24 d17.14
MinimumVisualStudioVersion = 10.0.40219.1
Project("{FAE04EC0-301F-11D3-BF4B-00C04F79EFBC}") = "ProblemSolving(Time_Test)", "ProblemSolving(Time_Test)\ProblemSolving(Time_Test).csproj", "{C2B3B05B-0698-4EC9-8BAA-9695E6EF4808}"
EndProject
Global
	GlobalSection(SolutionConfigurationPlatforms) = preSolution
		Debug|Any CPU = Debug|Any CPU
		Release|Any CPU = Release|Any CPU
	EndGlobalSection
	GlobalSection(ProjectConfigurationPlatforms) = postSolution
		{C2B3B05B-0698-4EC9-8BAA-9695E6EF4808}.Debug|Any CPU.ActiveCfg = Debug|Any CPU
		{C2B3B05B-0698-4EC9-8BAA-9695E6EF4808}.Debug|Any CPU.Build.0 = Debug|Any CPU
		{C2B3B05B-0698-4EC9-8BAA-9695E6EF4808}.Release|Any CPU.ActiveCfg = Release|Any CPU
		{C2B3B05B-0698-4EC9-8BAA-9695E6EF4808}.Release|Any CPU.Build.0 = Release|Any CPU
	EndGlobalSection
	GlobalSection(SolutionProperties) = preSolution
		HideSolutionNode = FALSE
	EndGlobalSection
	GlobalSection(ExtensibilityGlobals) = postSolution
		SolutionGuid = {0B1103B5-FFBC-406B-9E3A-194F2D276D70}
	EndGlobalSection
EndGlobal
